# Lockfile v4
# This file is automatically generated by Wapm.
# It is not intended for manual editing. The schema of this file may change.
[modules.gol-wasm."0.0.1".game-of-life]
name = "game-of-life"
package_version = "0.0.1"
package_name = "gol-wasm"
package_path = "gol-wasm@0.0.1"
resolved = "local"
resolved_source = "local"
abi = "wasi"
source = "build/wasi.wasm"
[commands.gol-wasm]
name = "gol-wasm"
package_name = "gol-wasm"
package_version = "0.0.1"
module = "game-of-life"
is_top_level_dependency = true
